
Microsoft Visual Studio Solution File, Format Version 12.00
# Visual Studio 15
VisualStudioVersion = 15.0.27130.2027
MinimumVisualStudioVersion = 10.0.40219.1
Project("{FAE04EC0-301F-11D3-BF4B-00C04F79EFBC}") = "Lect_2_BaseElements", "Lect_2_BaseElements\Lect_2_BaseElements.csproj", "{7571ED44-3828-4C16-95DD-E5F87CE58978}"
EndProject
Project("{FAE04EC0-301F-11D3-BF4B-00C04F79EFBC}") = "ref_out_parameters", "ref_out_parameters\ref_out_parameters.csproj", "{24D20580-31F3-4F35-A758-C71D4FCBA65F}"
EndProject
Project("{FAE04EC0-301F-11D3-BF4B-00C04F79EFBC}") = "Delegates", "Delegates\Delegates.csproj", "{8663A0F0-2889-4D29-AA61-DAB5D9DFF27A}"
EndProject
Project("{FAE04EC0-301F-11D3-BF4B-00C04F79EFBC}") = "Enums", "Enums\Enums.csproj", "{5D0FE0D3-D5B9-45E4-A2DD-12A04DC7F8AD}"
EndProject
Global
	GlobalSection(SolutionConfigurationPlatforms) = preSolution
		Debug|Any CPU = Debug|Any CPU
		Release|Any CPU = Release|Any CPU
	EndGlobalSection
	GlobalSection(ProjectConfigurationPlatforms) = postSolution
		{7571ED44-3828-4C16-95DD-E5F87CE58978}.Debug|Any CPU.ActiveCfg = Debug|Any CPU
		{7571ED44-3828-4C16-95DD-E5F87CE58978}.Debug|Any CPU.Build.0 = Debug|Any CPU
		{7571ED44-3828-4C16-95DD-E5F87CE58978}.Release|Any CPU.ActiveCfg = Release|Any CPU
		{7571ED44-3828-4C16-95DD-E5F87CE58978}.Release|Any CPU.Build.0 = Release|Any CPU
		{24D20580-31F3-4F35-A758-C71D4FCBA65F}.Debug|Any CPU.ActiveCfg = Debug|Any CPU
		{24D20580-31F3-4F35-A758-C71D4FCBA65F}.Debug|Any CPU.Build.0 = Debug|Any CPU
		{24D20580-31F3-4F35-A758-C71D4FCBA65F}.Release|Any CPU.ActiveCfg = Release|Any CPU
		{24D20580-31F3-4F35-A758-C71D4FCBA65F}.Release|Any CPU.Build.0 = Release|Any CPU
		{8663A0F0-2889-4D29-AA61-DAB5D9DFF27A}.Debug|Any CPU.ActiveCfg = Debug|Any CPU
		{8663A0F0-2889-4D29-AA61-DAB5D9DFF27A}.Debug|Any CPU.Build.0 = Debug|Any CPU
		{8663A0F0-2889-4D29-AA61-DAB5D9DFF27A}.Release|Any CPU.ActiveCfg = Release|Any CPU
		{8663A0F0-2889-4D29-AA61-DAB5D9DFF27A}.Release|Any CPU.Build.0 = Release|Any CPU
		{5D0FE0D3-D5B9-45E4-A2DD-12A04DC7F8AD}.Debug|Any CPU.ActiveCfg = Debug|Any CPU
		{5D0FE0D3-D5B9-45E4-A2DD-12A04DC7F8AD}.Debug|Any CPU.Build.0 = Debug|Any CPU
		{5D0FE0D3-D5B9-45E4-A2DD-12A04DC7F8AD}.Release|Any CPU.ActiveCfg = Release|Any CPU
		{5D0FE0D3-D5B9-45E4-A2DD-12A04DC7F8AD}.Release|Any CPU.Build.0 = Release|Any CPU
	EndGlobalSection
	GlobalSection(SolutionProperties) = preSolution
		HideSolutionNode = FALSE
	EndGlobalSection
	GlobalSection(ExtensibilityGlobals) = postSolution
		SolutionGuid = {F0034BB1-F5E2-46D0-A909-DEB37FA0539D}
	EndGlobalSection
EndGlobal
