
Microsoft Visual Studio Solution File, Format Version 12.00
# Visual Studio 15
VisualStudioVersion = 15.0.27130.2027
MinimumVisualStudioVersion = 10.0.40219.1
Project("{FAE04EC0-301F-11D3-BF4B-00C04F79EFBC}") = "Demo_Lect_3", "Demo_Lect_3\Demo_Lect_3.csproj", "{5D32A41C-003D-417C-8B67-09F417DD2391}"
EndProject
Global
	GlobalSection(SolutionConfigurationPlatforms) = preSolution
		Debug|Any CPU = Debug|Any CPU
		Release|Any CPU = Release|Any CPU
	EndGlobalSection
	GlobalSection(ProjectConfigurationPlatforms) = postSolution
		{5D32A41C-003D-417C-8B67-09F417DD2391}.Debug|Any CPU.ActiveCfg = Debug|Any CPU
		{5D32A41C-003D-417C-8B67-09F417DD2391}.Debug|Any CPU.Build.0 = Debug|Any CPU
		{5D32A41C-003D-417C-8B67-09F417DD2391}.Release|Any CPU.ActiveCfg = Release|Any CPU
		{5D32A41C-003D-417C-8B67-09F417DD2391}.Release|Any CPU.Build.0 = Release|Any CPU
	EndGlobalSection
	GlobalSection(SolutionProperties) = preSolution
		HideSolutionNode = FALSE
	EndGlobalSection
	GlobalSection(ExtensibilityGlobals) = postSolution
		SolutionGuid = {2182B123-E163-4977-B860-730767234522}
	EndGlobalSection
EndGlobal
