
Microsoft Visual Studio Solution File, Format Version 12.00
# Visual Studio 15
VisualStudioVersion = 15.0.27130.2026
MinimumVisualStudioVersion = 10.0.40219.1
Project("{FAE04EC0-301F-11D3-BF4B-00C04F79EFBC}") = "Lecture_3_Classes", "Lecture_3_Classes\Lecture_3_Classes.csproj", "{FBE06543-C8C9-44F5-A352-02F5F8DCA2A8}"
EndProject
Global
	GlobalSection(SolutionConfigurationPlatforms) = preSolution
		Debug|Any CPU = Debug|Any CPU
		Release|Any CPU = Release|Any CPU
	EndGlobalSection
	GlobalSection(ProjectConfigurationPlatforms) = postSolution
		{FBE06543-C8C9-44F5-A352-02F5F8DCA2A8}.Debug|Any CPU.ActiveCfg = Debug|Any CPU
		{FBE06543-C8C9-44F5-A352-02F5F8DCA2A8}.Debug|Any CPU.Build.0 = Debug|Any CPU
		{FBE06543-C8C9-44F5-A352-02F5F8DCA2A8}.Release|Any CPU.ActiveCfg = Release|Any CPU
		{FBE06543-C8C9-44F5-A352-02F5F8DCA2A8}.Release|Any CPU.Build.0 = Release|Any CPU
	EndGlobalSection
	GlobalSection(SolutionProperties) = preSolution
		HideSolutionNode = FALSE
	EndGlobalSection
	GlobalSection(ExtensibilityGlobals) = postSolution
		SolutionGuid = {3A909AC3-5D81-476F-AF53-24F8779A613B}
	EndGlobalSection
EndGlobal
