
Microsoft Visual Studio Solution File, Format Version 12.00
# Visual Studio 15
VisualStudioVersion = 15.0.27428.2037
MinimumVisualStudioVersion = 10.0.40219.1
Project("{FAE04EC0-301F-11D3-BF4B-00C04F79EFBC}") = "Demo_Lect_9", "Demo_Lect_9\Demo_Lect_9.csproj", "{E9805F57-BA7C-4ECE-A320-A5C538B745D9}"
EndProject
Global
	GlobalSection(SolutionConfigurationPlatforms) = preSolution
		Debug|Any CPU = Debug|Any CPU
		Release|Any CPU = Release|Any CPU
	EndGlobalSection
	GlobalSection(ProjectConfigurationPlatforms) = postSolution
		{E9805F57-BA7C-4ECE-A320-A5C538B745D9}.Debug|Any CPU.ActiveCfg = Debug|Any CPU
		{E9805F57-BA7C-4ECE-A320-A5C538B745D9}.Debug|Any CPU.Build.0 = Debug|Any CPU
		{E9805F57-BA7C-4ECE-A320-A5C538B745D9}.Release|Any CPU.ActiveCfg = Release|Any CPU
		{E9805F57-BA7C-4ECE-A320-A5C538B745D9}.Release|Any CPU.Build.0 = Release|Any CPU
	EndGlobalSection
	GlobalSection(SolutionProperties) = preSolution
		HideSolutionNode = FALSE
	EndGlobalSection
	GlobalSection(ExtensibilityGlobals) = postSolution
		SolutionGuid = {7326D73E-888F-4E9B-8DC5-34E34A1C0469}
	EndGlobalSection
EndGlobal
