
Microsoft Visual Studio Solution File, Format Version 12.00
# Visual Studio 15
VisualStudioVersion = 15.0.27703.2000
MinimumVisualStudioVersion = 10.0.40219.1
Project("{FAE04EC0-301F-11D3-BF4B-00C04F79EFBC}") = "Events", "Events\Events.csproj", "{C499984B-6EFD-43ED-8F4F-AC0EAF1CBC21}"
EndProject
Global
	GlobalSection(SolutionConfigurationPlatforms) = preSolution
		Debug|Any CPU = Debug|Any CPU
		Release|Any CPU = Release|Any CPU
	EndGlobalSection
	GlobalSection(ProjectConfigurationPlatforms) = postSolution
		{C499984B-6EFD-43ED-8F4F-AC0EAF1CBC21}.Debug|Any CPU.ActiveCfg = Debug|Any CPU
		{C499984B-6EFD-43ED-8F4F-AC0EAF1CBC21}.Debug|Any CPU.Build.0 = Debug|Any CPU
		{C499984B-6EFD-43ED-8F4F-AC0EAF1CBC21}.Release|Any CPU.ActiveCfg = Release|Any CPU
		{C499984B-6EFD-43ED-8F4F-AC0EAF1CBC21}.Release|Any CPU.Build.0 = Release|Any CPU
	EndGlobalSection
	GlobalSection(SolutionProperties) = preSolution
		HideSolutionNode = FALSE
	EndGlobalSection
	GlobalSection(ExtensibilityGlobals) = postSolution
		SolutionGuid = {ED0F8387-AF51-492E-A7EF-6053D8184B42}
	EndGlobalSection
EndGlobal
